
Microsoft Visual Studio Solution File, Format Version 12.00
# Visual Studio 2013
VisualStudioVersion = 12.0.21005.1
MinimumVisualStudioVersion = 10.0.40219.1
Project("{FAE04EC0-301F-11D3-BF4B-00C04F79EFBC}") = "GUI", "GUI\GUI.csproj", "{81AE4771-6F62-49EB-9884-1002307B2F9A}"
	ProjectSection(ProjectDependencies) = postProject
		{B0260F88-1C74-4489-97A3-4BEBCA94F4C3} = {B0260F88-1C74-4489-97A3-4BEBCA94F4C3}
	EndProjectSection
EndProject
Project("{FAE04EC0-301F-11D3-BF4B-00C04F79EFBC}") = "Service", "Server\Service.csproj", "{B0260F88-1C74-4489-97A3-4BEBCA94F4C3}"
EndProject
Global
	GlobalSection(SolutionConfigurationPlatforms) = preSolution
		Debug|Any CPU = Debug|Any CPU
		Release|Any CPU = Release|Any CPU
	EndGlobalSection
	GlobalSection(ProjectConfigurationPlatforms) = postSolution
		{81AE4771-6F62-49EB-9884-1002307B2F9A}.Debug|Any CPU.ActiveCfg = Debug|Any CPU
		{81AE4771-6F62-49EB-9884-1002307B2F9A}.Debug|Any CPU.Build.0 = Debug|Any CPU
		{81AE4771-6F62-49EB-9884-1002307B2F9A}.Release|Any CPU.ActiveCfg = Release|Any CPU
		{81AE4771-6F62-49EB-9884-1002307B2F9A}.Release|Any CPU.Build.0 = Release|Any CPU
		{B0260F88-1C74-4489-97A3-4BEBCA94F4C3}.Debug|Any CPU.ActiveCfg = Debug|Any CPU
		{B0260F88-1C74-4489-97A3-4BEBCA94F4C3}.Debug|Any CPU.Build.0 = Debug|Any CPU
		{B0260F88-1C74-4489-97A3-4BEBCA94F4C3}.Release|Any CPU.ActiveCfg = Release|Any CPU
		{B0260F88-1C74-4489-97A3-4BEBCA94F4C3}.Release|Any CPU.Build.0 = Release|Any CPU
	EndGlobalSection
	GlobalSection(SolutionProperties) = preSolution
		HideSolutionNode = FALSE
	EndGlobalSection
EndGlobal
